
Microsoft Visual Studio Solution File, Format Version 12.00
# Visual Studio 15
VisualStudioVersion = 15.0.26730.12
MinimumVisualStudioVersion = 10.0.40219.1
Project("{FAE04EC0-301F-11D3-BF4B-00C04F79EFBC}") = "Calculator", "Calculator\Calculator.csproj", "{A28E1129-90CF-4245-ACCD-B15D63A9F7FC}"
EndProject
Project("{FAE04EC0-301F-11D3-BF4B-00C04F79EFBC}") = "CalculatorOperation.Tests", "CalculatorOperation.Tests\CalculatorOperation.Tests.csproj", "{39340685-5468-4A1E-9230-FA9F58FEEA57}"
EndProject
Project("{FAE04EC0-301F-11D3-BF4B-00C04F79EFBC}") = "Calculator.Nunit.Tests", "Calculator.Nunit.Tests\Calculator.Nunit.Tests.csproj", "{95BAE827-3F81-4439-942A-5D413ACBA12F}"
EndProject
Global
	GlobalSection(SolutionConfigurationPlatforms) = preSolution
		Debug|Any CPU = Debug|Any CPU
		Release|Any CPU = Release|Any CPU
	EndGlobalSection
	GlobalSection(ProjectConfigurationPlatforms) = postSolution
		{A28E1129-90CF-4245-ACCD-B15D63A9F7FC}.Debug|Any CPU.ActiveCfg = Debug|Any CPU
		{A28E1129-90CF-4245-ACCD-B15D63A9F7FC}.Debug|Any CPU.Build.0 = Debug|Any CPU
		{A28E1129-90CF-4245-ACCD-B15D63A9F7FC}.Release|Any CPU.ActiveCfg = Release|Any CPU
		{A28E1129-90CF-4245-ACCD-B15D63A9F7FC}.Release|Any CPU.Build.0 = Release|Any CPU
		{39340685-5468-4A1E-9230-FA9F58FEEA57}.Debug|Any CPU.ActiveCfg = Debug|Any CPU
		{39340685-5468-4A1E-9230-FA9F58FEEA57}.Debug|Any CPU.Build.0 = Debug|Any CPU
		{39340685-5468-4A1E-9230-FA9F58FEEA57}.Release|Any CPU.ActiveCfg = Release|Any CPU
		{39340685-5468-4A1E-9230-FA9F58FEEA57}.Release|Any CPU.Build.0 = Release|Any CPU
		{95BAE827-3F81-4439-942A-5D413ACBA12F}.Debug|Any CPU.ActiveCfg = Debug|Any CPU
		{95BAE827-3F81-4439-942A-5D413ACBA12F}.Debug|Any CPU.Build.0 = Debug|Any CPU
		{95BAE827-3F81-4439-942A-5D413ACBA12F}.Release|Any CPU.ActiveCfg = Release|Any CPU
		{95BAE827-3F81-4439-942A-5D413ACBA12F}.Release|Any CPU.Build.0 = Release|Any CPU
	EndGlobalSection
	GlobalSection(SolutionProperties) = preSolution
		HideSolutionNode = FALSE
	EndGlobalSection
	GlobalSection(ExtensibilityGlobals) = postSolution
		SolutionGuid = {D37B4F6E-1BC0-4347-A2C4-FB2D5807A3FB}
	EndGlobalSection
EndGlobal
